
Microsoft Visual Studio Solution File, Format Version 12.00
# Visual Studio Version 17
VisualStudioVersion = 17.8.34330.188
MinimumVisualStudioVersion = 10.0.40219.1
Project("{9A19103F-16F7-4668-BE54-9A1E7A4F7556}") = "UploadFiles", "UploadFiles\UploadFiles.csproj", "{A1C5DAB2-F1C0-4D0C-B2F4-2618F67E3B9D}"
EndProject
Global
	GlobalSection(SolutionConfigurationPlatforms) = preSolution
		Debug|Any CPU = Debug|Any CPU
		Release|Any CPU = Release|Any CPU
	EndGlobalSection
	GlobalSection(ProjectConfigurationPlatforms) = postSolution
		{A1C5DAB2-F1C0-4D0C-B2F4-2618F67E3B9D}.Debug|Any CPU.ActiveCfg = Debug|Any CPU
		{A1C5DAB2-F1C0-4D0C-B2F4-2618F67E3B9D}.Debug|Any CPU.Build.0 = Debug|Any CPU
		{A1C5DAB2-F1C0-4D0C-B2F4-2618F67E3B9D}.Release|Any CPU.ActiveCfg = Release|Any CPU
		{A1C5DAB2-F1C0-4D0C-B2F4-2618F67E3B9D}.Release|Any CPU.Build.0 = Release|Any CPU
	EndGlobalSection
	GlobalSection(SolutionProperties) = preSolution
		HideSolutionNode = FALSE
	EndGlobalSection
	GlobalSection(ExtensibilityGlobals) = postSolution
		SolutionGuid = {9D22916D-BB7F-4391-A31D-ED5E18E464AF}
	EndGlobalSection
EndGlobal
